// !$*UTF8*$!
{
	archiveVersion = 1;
	classes = {
	};
	objectVersion = 51;
	objects = {

/* Begin PBXBuildFile section */
		138511A1EEF9033CBB034615 /* Post.swift in Sources */ = {isa = PBXBuildFile; fileRef = 9F54B2B51AD03326FAB195DF /* Post.swift */; };
		204942E881C540C6F18CD4A5 /* Post+Schema.swift in Sources */ = {isa = PBXBuildFile; fileRef = B88629AB7419B69755F3639B /* Post+Schema.swift */; };
		28BE85DE0878D68BD86384B0 /* User.swift in Sources */ = {isa = PBXBuildFile; fileRef = 9285BBF4B5AAD7A13E99D794 /* User.swift */; };
		59A4F9AD9EF5B85FA10A95A1 /* AmplifyModels.swift in Sources */ = {isa = PBXBuildFile; fileRef = 3C480D70593D2306D8BDFF46 /* AmplifyModels.swift */; };
		6F010160B059B66D32FA7AE2 /* Pods_iot_app.framework in Frameworks */ = {isa = PBXBuildFile; fileRef = 6981A9689769AE2591ACECE1 /* Pods_iot_app.framework */; };
		AF8D526856262C209BA3BFD0 /* User+Schema.swift in Sources */ = {isa = PBXBuildFile; fileRef = A1545355C046F7984F0B89C5 /* User+Schema.swift */; };
		C1104614265C0F2C0009D99C /* SignIn.storyboard in Resources */ = {isa = PBXBuildFile; fileRef = C1104613265C0F2C0009D99C /* SignIn.storyboard */; };
		C1104618265C0FFF0009D99C /* Constraints.swift in Sources */ = {isa = PBXBuildFile; fileRef = C1104617265C0FFF0009D99C /* Constraints.swift */; };
		C126C5832658433800062E54 /* awsconfiguration.json in Resources */ = {isa = PBXBuildFile; fileRef = C126C5812658433800062E54 /* awsconfiguration.json */; };
		C126C5842658433800062E54 /* amplifyconfiguration.json in Resources */ = {isa = PBXBuildFile; fileRef = C126C5822658433800062E54 /* amplifyconfiguration.json */; };
		C14781362652C6200003E18D /* AppDelegate.swift in Sources */ = {isa = PBXBuildFile; fileRef = C14781352652C6200003E18D /* AppDelegate.swift */; };
		C14781382652C6200003E18D /* SceneDelegate.swift in Sources */ = {isa = PBXBuildFile; fileRef = C14781372652C6200003E18D /* SceneDelegate.swift */; };
		C147813A2652C6200003E18D /* PlanterViewController.swift in Sources */ = {isa = PBXBuildFile; fileRef = C14781392652C6200003E18D /* PlanterViewController.swift */; };
		C147813D2652C6200003E18D /* Main.storyboard in Resources */ = {isa = PBXBuildFile; fileRef = C147813B2652C6200003E18D /* Main.storyboard */; };
		C147813F2652C6230003E18D /* Assets.xcassets in Resources */ = {isa = PBXBuildFile; fileRef = C147813E2652C6230003E18D /* Assets.xcassets */; };
		C14781422652C6230003E18D /* LaunchScreen.storyboard in Resources */ = {isa = PBXBuildFile; fileRef = C14781402652C6230003E18D /* LaunchScreen.storyboard */; };
		C147814E2653F2D10003E18D /* Backend.swift in Sources */ = {isa = PBXBuildFile; fileRef = C147814D2653F2D10003E18D /* Backend.swift */; };
		C14B9636265C1771000058F7 /* SignInViewController.swift in Sources */ = {isa = PBXBuildFile; fileRef = C14B9635265C1771000058F7 /* SignInViewController.swift */; };
		C161C38D265C1A0700070469 /* draw_line.json in Resources */ = {isa = PBXBuildFile; fileRef = C161C38C265C1A0700070469 /* draw_line.json */; };
		C161C390265C2E7F00070469 /* SignUp.storyboard in Resources */ = {isa = PBXBuildFile; fileRef = C161C38F265C2E7F00070469 /* SignUp.storyboard */; };
		C161C392265C2E9F00070469 /* SignUpViewController.swift in Sources */ = {isa = PBXBuildFile; fileRef = C161C391265C2E9F00070469 /* SignUpViewController.swift */; };
		C161C394265C3D9700070469 /* Tab.storyboard in Resources */ = {isa = PBXBuildFile; fileRef = C161C393265C3D9700070469 /* Tab.storyboard */; };
		C161C396265C48C000070469 /* Profile.storyboard in Resources */ = {isa = PBXBuildFile; fileRef = C161C395265C48C000070469 /* Profile.storyboard */; };
		C161C398265D5C5C00070469 /* ProfileViewController.swift in Sources */ = {isa = PBXBuildFile; fileRef = C161C397265D5C5C00070469 /* ProfileViewController.swift */; };
		C161C39A265D648500070469 /* GlobalFunctions.swift in Sources */ = {isa = PBXBuildFile; fileRef = C161C399265D648500070469 /* GlobalFunctions.swift */; };
		C1813515265D8D4000A3623C /* plant.json in Resources */ = {isa = PBXBuildFile; fileRef = C1813514265D8D4000A3623C /* plant.json */; };
		C1813517265D8D7E00A3623C /* plant-2.json in Resources */ = {isa = PBXBuildFile; fileRef = C1813516265D8D7E00A3623C /* plant-2.json */; };
		C1813519265DBAD800A3623C /* Confirm.storyboard in Resources */ = {isa = PBXBuildFile; fileRef = C1813518265DBAD800A3623C /* Confirm.storyboard */; };
		C181351B265DBAE700A3623C /* ConfirmViewController.swift in Sources */ = {isa = PBXBuildFile; fileRef = C181351A265DBAE700A3623C /* ConfirmViewController.swift */; };
		C1AA179D265E78A200BBC6E3 /* ResetPassword.storyboard in Resources */ = {isa = PBXBuildFile; fileRef = C1AA179C265E78A200BBC6E3 /* ResetPassword.storyboard */; };
		C1AA179F265E78B400BBC6E3 /* ResetPasswordViewController.swift in Sources */ = {isa = PBXBuildFile; fileRef = C1AA179E265E78B400BBC6E3 /* ResetPasswordViewController.swift */; };
		C1AD25E226580E3800E4F9AF /* Animation.storyboard in Resources */ = {isa = PBXBuildFile; fileRef = C1AD25E126580E3800E4F9AF /* Animation.storyboard */; };
		C1AD25E426580E6100E4F9AF /* AnimationViewController.swift in Sources */ = {isa = PBXBuildFile; fileRef = C1AD25E326580E6100E4F9AF /* AnimationViewController.swift */; };
		C1E9698026569599001E3D59 /* AuthViewController.swift in Sources */ = {isa = PBXBuildFile; fileRef = C1E9697F26569599001E3D59 /* AuthViewController.swift */; };
		C1E969852656B97E001E3D59 /* Auth.storyboard in Resources */ = {isa = PBXBuildFile; fileRef = C1E969842656B97E001E3D59 /* Auth.storyboard */; };
		C1E969872656BA18001E3D59 /* Planter.storyboard in Resources */ = {isa = PBXBuildFile; fileRef = C1E969862656BA18001E3D59 /* Planter.storyboard */; };
		C1F7AF782654199000208046 /* generated in Resources */ = {isa = PBXBuildFile; fileRef = C1F7AF772654199000208046 /* generated */; };
/* End PBXBuildFile section */

/* Begin PBXFileReference section */
		2A04224097416CE66DA1CAE8 /* Pods-iot-app.release.xcconfig */ = {isa = PBXFileReference; includeInIndex = 1; lastKnownFileType = text.xcconfig; name = "Pods-iot-app.release.xcconfig"; path = "Target Support Files/Pods-iot-app/Pods-iot-app.release.xcconfig"; sourceTree = "<group>"; };
		2ED55E2BD5D336D93ABC0430 /* Pods-iot-app.debug.xcconfig */ = {isa = PBXFileReference; includeInIndex = 1; lastKnownFileType = text.xcconfig; name = "Pods-iot-app.debug.xcconfig"; path = "Target Support Files/Pods-iot-app/Pods-iot-app.debug.xcconfig"; sourceTree = "<group>"; };
		3C480D70593D2306D8BDFF46 /* AmplifyModels.swift */ = {isa = PBXFileReference; explicitFileType = sourcecode.swift; name = AmplifyModels.swift; path = amplify/generated/models/AmplifyModels.swift; sourceTree = "<group>"; };
		6981A9689769AE2591ACECE1 /* Pods_iot_app.framework */ = {isa = PBXFileReference; explicitFileType = wrapper.framework; includeInIndex = 0; path = Pods_iot_app.framework; sourceTree = BUILT_PRODUCTS_DIR; };
		9285BBF4B5AAD7A13E99D794 /* User.swift */ = {isa = PBXFileReference; explicitFileType = sourcecode.swift; name = User.swift; path = amplify/generated/models/User.swift; sourceTree = "<group>"; };
		9F54B2B51AD03326FAB195DF /* Post.swift */ = {isa = PBXFileReference; explicitFileType = sourcecode.swift; name = Post.swift; path = amplify/generated/models/Post.swift; sourceTree = "<group>"; };
		A1545355C046F7984F0B89C5 /* User+Schema.swift */ = {isa = PBXFileReference; explicitFileType = sourcecode.swift; name = "User+Schema.swift"; path = "amplify/generated/models/User+Schema.swift"; sourceTree = "<group>"; };
		B88629AB7419B69755F3639B /* Post+Schema.swift */ = {isa = PBXFileReference; explicitFileType = sourcecode.swift; name = "Post+Schema.swift"; path = "amplify/generated/models/Post+Schema.swift"; sourceTree = "<group>"; };
		C1104613265C0F2C0009D99C /* SignIn.storyboard */ = {isa = PBXFileReference; lastKnownFileType = file.storyboard; path = SignIn.storyboard; sourceTree = "<group>"; };
		C1104617265C0FFF0009D99C /* Constraints.swift */ = {isa = PBXFileReference; lastKnownFileType = sourcecode.swift; path = Constraints.swift; sourceTree = "<group>"; };
		C126C5812658433800062E54 /* awsconfiguration.json */ = {isa = PBXFileReference; fileEncoding = 4; lastKnownFileType = text.json; path = awsconfiguration.json; sourceTree = "<group>"; };
		C126C5822658433800062E54 /* amplifyconfiguration.json */ = {isa = PBXFileReference; fileEncoding = 4; lastKnownFileType = text.json; path = amplifyconfiguration.json; sourceTree = "<group>"; };
		C14781322652C6200003E18D /* iot-app.app */ = {isa = PBXFileReference; explicitFileType = wrapper.application; includeInIndex = 0; path = "iot-app.app"; sourceTree = BUILT_PRODUCTS_DIR; };
		C14781352652C6200003E18D /* AppDelegate.swift */ = {isa = PBXFileReference; lastKnownFileType = sourcecode.swift; path = AppDelegate.swift; sourceTree = "<group>"; };
		C14781372652C6200003E18D /* SceneDelegate.swift */ = {isa = PBXFileReference; lastKnownFileType = sourcecode.swift; path = SceneDelegate.swift; sourceTree = "<group>"; };
		C14781392652C6200003E18D /* PlanterViewController.swift */ = {isa = PBXFileReference; lastKnownFileType = sourcecode.swift; path = PlanterViewController.swift; sourceTree = "<group>"; };
		C147813C2652C6200003E18D /* Base */ = {isa = PBXFileReference; lastKnownFileType = file.storyboard; name = Base; path = Base.lproj/Main.storyboard; sourceTree = "<group>"; };
		C147813E2652C6230003E18D /* Assets.xcassets */ = {isa = PBXFileReference; lastKnownFileType = folder.assetcatalog; path = Assets.xcassets; sourceTree = "<group>"; };
		C14781412652C6230003E18D /* Base */ = {isa = PBXFileReference; lastKnownFileType = file.storyboard; name = Base; path = Base.lproj/LaunchScreen.storyboard; sourceTree = "<group>"; };
		C14781432652C6230003E18D /* Info.plist */ = {isa = PBXFileReference; lastKnownFileType = text.plist.xml; path = Info.plist; sourceTree = "<group>"; };
		C147814D2653F2D10003E18D /* Backend.swift */ = {isa = PBXFileReference; lastKnownFileType = sourcecode.swift; path = Backend.swift; sourceTree = "<group>"; };
		C14B9635265C1771000058F7 /* SignInViewController.swift */ = {isa = PBXFileReference; lastKnownFileType = sourcecode.swift; path = SignInViewController.swift; sourceTree = "<group>"; };
		C161C38C265C1A0700070469 /* draw_line.json */ = {isa = PBXFileReference; fileEncoding = 4; lastKnownFileType = text.json; path = draw_line.json; sourceTree = "<group>"; };
		C161C38F265C2E7F00070469 /* SignUp.storyboard */ = {isa = PBXFileReference; lastKnownFileType = file.storyboard; path = SignUp.storyboard; sourceTree = "<group>"; };
		C161C391265C2E9F00070469 /* SignUpViewController.swift */ = {isa = PBXFileReference; lastKnownFileType = sourcecode.swift; path = SignUpViewController.swift; sourceTree = "<group>"; };
		C161C393265C3D9700070469 /* Tab.storyboard */ = {isa = PBXFileReference; lastKnownFileType = file.storyboard; path = Tab.storyboard; sourceTree = "<group>"; };
		C161C395265C48C000070469 /* Profile.storyboard */ = {isa = PBXFileReference; lastKnownFileType = file.storyboard; path = Profile.storyboard; sourceTree = "<group>"; };
		C161C397265D5C5C00070469 /* ProfileViewController.swift */ = {isa = PBXFileReference; lastKnownFileType = sourcecode.swift; path = ProfileViewController.swift; sourceTree = "<group>"; };
		C161C399265D648500070469 /* GlobalFunctions.swift */ = {isa = PBXFileReference; lastKnownFileType = sourcecode.swift; path = GlobalFunctions.swift; sourceTree = "<group>"; };
		C1813514265D8D4000A3623C /* plant.json */ = {isa = PBXFileReference; fileEncoding = 4; lastKnownFileType = text.json; path = plant.json; sourceTree = "<group>"; };
		C1813516265D8D7E00A3623C /* plant-2.json */ = {isa = PBXFileReference; fileEncoding = 4; lastKnownFileType = text.json; path = "plant-2.json"; sourceTree = "<group>"; };
		C1813518265DBAD800A3623C /* Confirm.storyboard */ = {isa = PBXFileReference; lastKnownFileType = file.storyboard; path = Confirm.storyboard; sourceTree = "<group>"; };
		C181351A265DBAE700A3623C /* ConfirmViewController.swift */ = {isa = PBXFileReference; lastKnownFileType = sourcecode.swift; path = ConfirmViewController.swift; sourceTree = "<group>"; };
		C1AA179C265E78A200BBC6E3 /* ResetPassword.storyboard */ = {isa = PBXFileReference; lastKnownFileType = file.storyboard; path = ResetPassword.storyboard; sourceTree = "<group>"; };
		C1AA179E265E78B400BBC6E3 /* ResetPasswordViewController.swift */ = {isa = PBXFileReference; lastKnownFileType = sourcecode.swift; path = ResetPasswordViewController.swift; sourceTree = "<group>"; };
		C1AD25E126580E3800E4F9AF /* Animation.storyboard */ = {isa = PBXFileReference; lastKnownFileType = file.storyboard; path = Animation.storyboard; sourceTree = "<group>"; };
		C1AD25E326580E6100E4F9AF /* AnimationViewController.swift */ = {isa = PBXFileReference; lastKnownFileType = sourcecode.swift; path = AnimationViewController.swift; sourceTree = "<group>"; };
		C1E9697F26569599001E3D59 /* AuthViewController.swift */ = {isa = PBXFileReference; lastKnownFileType = sourcecode.swift; path = AuthViewController.swift; sourceTree = "<group>"; };
		C1E969842656B97E001E3D59 /* Auth.storyboard */ = {isa = PBXFileReference; lastKnownFileType = file.storyboard; path = Auth.storyboard; sourceTree = "<group>"; };
		C1E969862656BA18001E3D59 /* Planter.storyboard */ = {isa = PBXFileReference; lastKnownFileType = file.storyboard; path = Planter.storyboard; sourceTree = "<group>"; };
		C1F7AF772654199000208046 /* generated */ = {isa = PBXFileReference; lastKnownFileType = folder; name = generated; path = amplify/generated; sourceTree = "<group>"; };
/* End PBXFileReference section */

/* Begin PBXFrameworksBuildPhase section */
		C147812F2652C6200003E18D /* Frameworks */ = {
			isa = PBXFrameworksBuildPhase;
			buildActionMask = 2147483647;
			files = (
				6F010160B059B66D32FA7AE2 /* Pods_iot_app.framework in Frameworks */,
			);
			runOnlyForDeploymentPostprocessing = 0;
		};
/* End PBXFrameworksBuildPhase section */

/* Begin PBXGroup section */
		26ADE89C93918C40D6BE6B03 /* Pods */ = {
			isa = PBXGroup;
			children = (
				2ED55E2BD5D336D93ABC0430 /* Pods-iot-app.debug.xcconfig */,
				2A04224097416CE66DA1CAE8 /* Pods-iot-app.release.xcconfig */,
			);
			path = Pods;
			sourceTree = "<group>";
		};
		449716C38EB0026B8A9DE02C /* AmplifyModels */ = {
			isa = PBXGroup;
			children = (
				3C480D70593D2306D8BDFF46 /* AmplifyModels.swift */,
				B88629AB7419B69755F3639B /* Post+Schema.swift */,
				9F54B2B51AD03326FAB195DF /* Post.swift */,
				A1545355C046F7984F0B89C5 /* User+Schema.swift */,
				9285BBF4B5AAD7A13E99D794 /* User.swift */,
			);
			name = AmplifyModels;
			sourceTree = "<group>";
		};
		C14781292652C6200003E18D = {
			isa = PBXGroup;
			children = (
				C161C38E265C213B00070469 /* animations */,
				C1F7AF772654199000208046 /* generated */,
				C147814D2653F2D10003E18D /* Backend.swift */,
				C161C399265D648500070469 /* GlobalFunctions.swift */,
				C1104617265C0FFF0009D99C /* Constraints.swift */,
				C14781342652C6200003E18D /* iot-app */,
				C14781332652C6200003E18D /* Products */,
				26ADE89C93918C40D6BE6B03 /* Pods */,
				D198E9570ED9FD463988C76E /* Frameworks */,
				CD1529D09F084FEE33B0AC4D /* AmplifyConfig */,
				449716C38EB0026B8A9DE02C /* AmplifyModels */,
			);
			sourceTree = "<group>";
		};
		C14781332652C6200003E18D /* Products */ = {
			isa = PBXGroup;
			children = (
				C14781322652C6200003E18D /* iot-app.app */,
			);
			name = Products;
			sourceTree = "<group>";
		};
		C14781342652C6200003E18D /* iot-app */ = {
			isa = PBXGroup;
			children = (
				C1E969812656B93E001E3D59 /* storyboards */,
				C150A0E72654DB76000D1D55 /* ViewControllers */,
				C14781352652C6200003E18D /* AppDelegate.swift */,
				C14781372652C6200003E18D /* SceneDelegate.swift */,
				C147813E2652C6230003E18D /* Assets.xcassets */,
				C14781402652C6230003E18D /* LaunchScreen.storyboard */,
				C14781432652C6230003E18D /* Info.plist */,
			);
			path = "iot-app";
			sourceTree = "<group>";
		};
		C150A0E72654DB76000D1D55 /* ViewControllers */ = {
			isa = PBXGroup;
			children = (
				C14781392652C6200003E18D /* PlanterViewController.swift */,
				C1E9697F26569599001E3D59 /* AuthViewController.swift */,
				C1AD25E326580E6100E4F9AF /* AnimationViewController.swift */,
				C14B9635265C1771000058F7 /* SignInViewController.swift */,
				C161C391265C2E9F00070469 /* SignUpViewController.swift */,
				C161C397265D5C5C00070469 /* ProfileViewController.swift */,
				C181351A265DBAE700A3623C /* ConfirmViewController.swift */,
				C1AA179E265E78B400BBC6E3 /* ResetPasswordViewController.swift */,
			);
			path = ViewControllers;
			sourceTree = "<group>";
		};
		C161C38E265C213B00070469 /* animations */ = {
			isa = PBXGroup;
			children = (
				C1813516265D8D7E00A3623C /* plant-2.json */,
				C1813514265D8D4000A3623C /* plant.json */,
				C161C38C265C1A0700070469 /* draw_line.json */,
			);
			path = animations;
			sourceTree = "<group>";
		};
		C1E969812656B93E001E3D59 /* storyboards */ = {
			isa = PBXGroup;
			children = (
				C147813B2652C6200003E18D /* Main.storyboard */,
				C1E969842656B97E001E3D59 /* Auth.storyboard */,
				C1E969862656BA18001E3D59 /* Planter.storyboard */,
				C1AD25E126580E3800E4F9AF /* Animation.storyboard */,
				C1104613265C0F2C0009D99C /* SignIn.storyboard */,
				C161C38F265C2E7F00070469 /* SignUp.storyboard */,
				C161C393265C3D9700070469 /* Tab.storyboard */,
				C161C395265C48C000070469 /* Profile.storyboard */,
				C1813518265DBAD800A3623C /* Confirm.storyboard */,
				C1AA179C265E78A200BBC6E3 /* ResetPassword.storyboard */,
			);
			path = storyboards;
			sourceTree = "<group>";
		};
		CD1529D09F084FEE33B0AC4D /* AmplifyConfig */ = {
			isa = PBXGroup;
			children = (
				C126C5822658433800062E54 /* amplifyconfiguration.json */,
				C126C5812658433800062E54 /* awsconfiguration.json */,
			);
			name = AmplifyConfig;
			sourceTree = "<group>";
		};
		D198E9570ED9FD463988C76E /* Frameworks */ = {
			isa = PBXGroup;
			children = (
				6981A9689769AE2591ACECE1 /* Pods_iot_app.framework */,
			);
			name = Frameworks;
			sourceTree = "<group>";
		};
/* End PBXGroup section */

/* Begin PBXNativeTarget section */
		C14781312652C6200003E18D /* iot-app */ = {
			isa = PBXNativeTarget;
			buildConfigurationList = C14781462652C6230003E18D /* Build configuration list for PBXNativeTarget "iot-app" */;
			buildPhases = (
				C8BEE1E64226C32A8CFB849D /* [CP] Check Pods Manifest.lock */,
				C147812E2652C6200003E18D /* Sources */,
				C147812F2652C6200003E18D /* Frameworks */,
				C14781302652C6200003E18D /* Resources */,
				DA7B92D1ECEF5F15FDC784BD /* [CP] Embed Pods Frameworks */,
				C150A0E62654D4B2000D1D55 /* ShellScript */,
			);
			buildRules = (
			);
			dependencies = (
			);
			name = "iot-app";
			productName = "iot-app";
			productReference = C14781322652C6200003E18D /* iot-app.app */;
			productType = "com.apple.product-type.application";
		};
/* End PBXNativeTarget section */

/* Begin PBXProject section */
		C147812A2652C6200003E18D /* Project object */ = {
			isa = PBXProject;
			attributes = {
				LastSwiftUpdateCheck = 1250;
				LastUpgradeCheck = 1250;
				TargetAttributes = {
					C14781312652C6200003E18D = {
						CreatedOnToolsVersion = 12.5;
					};
				};
			};
			buildConfigurationList = C147812D2652C6200003E18D /* Build configuration list for PBXProject "iot-app" */;
			compatibilityVersion = "Xcode 9.3";
			developmentRegion = en;
			hasScannedForEncodings = 0;
			knownRegions = (
				en,
				Base,
			);
			mainGroup = C14781292652C6200003E18D;
			productRefGroup = C14781332652C6200003E18D /* Products */;
			projectDirPath = "";
			projectRoot = "";
			targets = (
				C14781312652C6200003E18D /* iot-app */,
			);
		};
/* End PBXProject section */

/* Begin PBXResourcesBuildPhase section */
		C14781302652C6200003E18D /* Resources */ = {
			isa = PBXResourcesBuildPhase;
			buildActionMask = 2147483647;
			files = (
				C126C5832658433800062E54 /* awsconfiguration.json in Resources */,
				C1813515265D8D4000A3623C /* plant.json in Resources */,
				C1813517265D8D7E00A3623C /* plant-2.json in Resources */,
				C1AA179D265E78A200BBC6E3 /* ResetPassword.storyboard in Resources */,
				C14781422652C6230003E18D /* LaunchScreen.storyboard in Resources */,
				C161C390265C2E7F00070469 /* SignUp.storyboard in Resources */,
				C1104614265C0F2C0009D99C /* SignIn.storyboard in Resources */,
				C147813F2652C6230003E18D /* Assets.xcassets in Resources */,
				C147813D2652C6200003E18D /* Main.storyboard in Resources */,
				C1E969872656BA18001E3D59 /* Planter.storyboard in Resources */,
				C1F7AF782654199000208046 /* generated in Resources */,
				C161C38D265C1A0700070469 /* draw_line.json in Resources */,
				C161C394265C3D9700070469 /* Tab.storyboard in Resources */,
				C1813519265DBAD800A3623C /* Confirm.storyboard in Resources */,
				C1E969852656B97E001E3D59 /* Auth.storyboard in Resources */,
				C126C5842658433800062E54 /* amplifyconfiguration.json in Resources */,
				C161C396265C48C000070469 /* Profile.storyboard in Resources */,
				C1AD25E226580E3800E4F9AF /* Animation.storyboard in Resources */,
			);
			runOnlyForDeploymentPostprocessing = 0;
		};
/* End PBXResourcesBuildPhase section */

/* Begin PBXShellScriptBuildPhase section */
		C150A0E62654D4B2000D1D55 /* ShellScript */ = {
			isa = PBXShellScriptBuildPhase;
			buildActionMask = 2147483647;
			files = (
			);
			inputFileListPaths = (
			);
			inputPaths = (
			);
			outputFileListPaths = (
			);
			outputPaths = (
			);
			runOnlyForDeploymentPostprocessing = 0;
			shellPath = /bin/sh;
			shellScript = "# Type a script or drag a script file from your workspace to insert its path.\n\"${PODS_ROOT}/SwiftLint/swiftlint\"\n";
		};
		C8BEE1E64226C32A8CFB849D /* [CP] Check Pods Manifest.lock */ = {
			isa = PBXShellScriptBuildPhase;
			buildActionMask = 2147483647;
			files = (
			);
			inputFileListPaths = (
			);
			inputPaths = (
				"${PODS_PODFILE_DIR_PATH}/Podfile.lock",
				"${PODS_ROOT}/Manifest.lock",
			);
			name = "[CP] Check Pods Manifest.lock";
			outputFileListPaths = (
			);
			outputPaths = (
				"$(DERIVED_FILE_DIR)/Pods-iot-app-checkManifestLockResult.txt",
			);
			runOnlyForDeploymentPostprocessing = 0;
			shellPath = /bin/sh;
			shellScript = "diff \"${PODS_PODFILE_DIR_PATH}/Podfile.lock\" \"${PODS_ROOT}/Manifest.lock\" > /dev/null\nif [ $? != 0 ] ; then\n    # print error to STDERR\n    echo \"error: The sandbox is not in sync with the Podfile.lock. Run 'pod install' or update your CocoaPods installation.\" >&2\n    exit 1\nfi\n# This output is used by Xcode 'outputs' to avoid re-running this script phase.\necho \"SUCCESS\" > \"${SCRIPT_OUTPUT_FILE_0}\"\n";
			showEnvVarsInLog = 0;
		};
		DA7B92D1ECEF5F15FDC784BD /* [CP] Embed Pods Frameworks */ = {
			isa = PBXShellScriptBuildPhase;
			buildActionMask = 2147483647;
			files = (
			);
			inputFileListPaths = (
				"${PODS_ROOT}/Target Support Files/Pods-iot-app/Pods-iot-app-frameworks-${CONFIGURATION}-input-files.xcfilelist",
			);
			name = "[CP] Embed Pods Frameworks";
			outputFileListPaths = (
				"${PODS_ROOT}/Target Support Files/Pods-iot-app/Pods-iot-app-frameworks-${CONFIGURATION}-output-files.xcfilelist",
			);
			runOnlyForDeploymentPostprocessing = 0;
			shellPath = /bin/sh;
			shellScript = "\"${PODS_ROOT}/Target Support Files/Pods-iot-app/Pods-iot-app-frameworks.sh\"\n";
			showEnvVarsInLog = 0;
		};
/* End PBXShellScriptBuildPhase section */

/* Begin PBXSourcesBuildPhase section */
		C147812E2652C6200003E18D /* Sources */ = {
			isa = PBXSourcesBuildPhase;
			buildActionMask = 2147483647;
			files = (
				C147813A2652C6200003E18D /* PlanterViewController.swift in Sources */,
				C14781362652C6200003E18D /* AppDelegate.swift in Sources */,
				C1AD25E426580E6100E4F9AF /* AnimationViewController.swift in Sources */,
				C1E9698026569599001E3D59 /* AuthViewController.swift in Sources */,
				C181351B265DBAE700A3623C /* ConfirmViewController.swift in Sources */,
				C1104618265C0FFF0009D99C /* Constraints.swift in Sources */,
				C14B9636265C1771000058F7 /* SignInViewController.swift in Sources */,
				C14781382652C6200003E18D /* SceneDelegate.swift in Sources */,
				C147814E2653F2D10003E18D /* Backend.swift in Sources */,
				C1AA179F265E78B400BBC6E3 /* ResetPasswordViewController.swift in Sources */,
				C161C392265C2E9F00070469 /* SignUpViewController.swift in Sources */,
				59A4F9AD9EF5B85FA10A95A1 /* AmplifyModels.swift in Sources */,
				C161C39A265D648500070469 /* GlobalFunctions.swift in Sources */,
				204942E881C540C6F18CD4A5 /* Post+Schema.swift in Sources */,
				138511A1EEF9033CBB034615 /* Post.swift in Sources */,
				C161C398265D5C5C00070469 /* ProfileViewController.swift in Sources */,
				AF8D526856262C209BA3BFD0 /* User+Schema.swift in Sources */,
				28BE85DE0878D68BD86384B0 /* User.swift in Sources */,
			);
			runOnlyForDeploymentPostprocessing = 0;
		};
/* End PBXSourcesBuildPhase section */

/* Begin PBXVariantGroup section */
		C147813B2652C6200003E18D /* Main.storyboard */ = {
			isa = PBXVariantGroup;
			children = (
				C147813C2652C6200003E18D /* Base */,
			);
			name = Main.storyboard;
			sourceTree = "<group>";
		};
		C14781402652C6230003E18D /* LaunchScreen.storyboard */ = {
			isa = PBXVariantGroup;
			children = (
				C14781412652C6230003E18D /* Base */,
			);
			name = LaunchScreen.storyboard;
			sourceTree = "<group>";
		};
/* End PBXVariantGroup section */

/* Begin XCBuildConfiguration section */
		C14781442652C6230003E18D /* Debug */ = {
			isa = XCBuildConfiguration;
			buildSettings = {
				ALWAYS_SEARCH_USER_PATHS = NO;
				CLANG_ANALYZER_NONNULL = YES;
				CLANG_ANALYZER_NUMBER_OBJECT_CONVERSION = YES_AGGRESSIVE;
				CLANG_CXX_LANGUAGE_STANDARD = "gnu++14";
				CLANG_CXX_LIBRARY = "libc++";
				CLANG_ENABLE_MODULES = YES;
				CLANG_ENABLE_OBJC_ARC = YES;
				CLANG_ENABLE_OBJC_WEAK = YES;
				CLANG_WARN_BLOCK_CAPTURE_AUTORELEASING = YES;
				CLANG_WARN_BOOL_CONVERSION = YES;
				CLANG_WARN_COMMA = YES;
				CLANG_WARN_CONSTANT_CONVERSION = YES;
				CLANG_WARN_DEPRECATED_OBJC_IMPLEMENTATIONS = YES;
				CLANG_WARN_DIRECT_OBJC_ISA_USAGE = YES_ERROR;
				CLANG_WARN_DOCUMENTATION_COMMENTS = YES;
				CLANG_WARN_EMPTY_BODY = YES;
				CLANG_WARN_ENUM_CONVERSION = YES;
				CLANG_WARN_INFINITE_RECURSION = YES;
				CLANG_WARN_INT_CONVERSION = YES;
				CLANG_WARN_NON_LITERAL_NULL_CONVERSION = YES;
				CLANG_WARN_OBJC_IMPLICIT_RETAIN_SELF = YES;
				CLANG_WARN_OBJC_LITERAL_CONVERSION = YES;
				CLANG_WARN_OBJC_ROOT_CLASS = YES_ERROR;
				CLANG_WARN_QUOTED_INCLUDE_IN_FRAMEWORK_HEADER = YES;
				CLANG_WARN_RANGE_LOOP_ANALYSIS = YES;
				CLANG_WARN_STRICT_PROTOTYPES = YES;
				CLANG_WARN_SUSPICIOUS_MOVE = YES;
				CLANG_WARN_UNGUARDED_AVAILABILITY = YES_AGGRESSIVE;
				CLANG_WARN_UNREACHABLE_CODE = YES;
				CLANG_WARN__DUPLICATE_METHOD_MATCH = YES;
				COPY_PHASE_STRIP = NO;
				DEBUG_INFORMATION_FORMAT = dwarf;
				ENABLE_STRICT_OBJC_MSGSEND = YES;
				ENABLE_TESTABILITY = YES;
				GCC_C_LANGUAGE_STANDARD = gnu11;
				GCC_DYNAMIC_NO_PIC = NO;
				GCC_NO_COMMON_BLOCKS = YES;
				GCC_OPTIMIZATION_LEVEL = 0;
				GCC_PREPROCESSOR_DEFINITIONS = (
					"DEBUG=1",
					"$(inherited)",
				);
				GCC_WARN_64_TO_32_BIT_CONVERSION = YES;
				GCC_WARN_ABOUT_RETURN_TYPE = YES_ERROR;
				GCC_WARN_UNDECLARED_SELECTOR = YES;
				GCC_WARN_UNINITIALIZED_AUTOS = YES_AGGRESSIVE;
				GCC_WARN_UNUSED_FUNCTION = YES;
				GCC_WARN_UNUSED_VARIABLE = YES;
				IPHONEOS_DEPLOYMENT_TARGET = 14.5;
				MTL_ENABLE_DEBUG_INFO = INCLUDE_SOURCE;
				MTL_FAST_MATH = YES;
				ONLY_ACTIVE_ARCH = YES;
				SDKROOT = iphoneos;
				SWIFT_ACTIVE_COMPILATION_CONDITIONS = DEBUG;
				SWIFT_OPTIMIZATION_LEVEL = "-Onone";
			};
			name = Debug;
		};
		C14781452652C6230003E18D /* Release */ = {
			isa = XCBuildConfiguration;
			buildSettings = {
				ALWAYS_SEARCH_USER_PATHS = NO;
				CLANG_ANALYZER_NONNULL = YES;
				CLANG_ANALYZER_NUMBER_OBJECT_CONVERSION = YES_AGGRESSIVE;
				CLANG_CXX_LANGUAGE_STANDARD = "gnu++14";
				CLANG_CXX_LIBRARY = "libc++";
				CLANG_ENABLE_MODULES = YES;
				CLANG_ENABLE_OBJC_ARC = YES;
				CLANG_ENABLE_OBJC_WEAK = YES;
				CLANG_WARN_BLOCK_CAPTURE_AUTORELEASING = YES;
				CLANG_WARN_BOOL_CONVERSION = YES;
				CLANG_WARN_COMMA = YES;
				CLANG_WARN_CONSTANT_CONVERSION = YES;
				CLANG_WARN_DEPRECATED_OBJC_IMPLEMENTATIONS = YES;
				CLANG_WARN_DIRECT_OBJC_ISA_USAGE = YES_ERROR;
				CLANG_WARN_DOCUMENTATION_COMMENTS = YES;
				CLANG_WARN_EMPTY_BODY = YES;
				CLANG_WARN_ENUM_CONVERSION = YES;
				CLANG_WARN_INFINITE_RECURSION = YES;
				CLANG_WARN_INT_CONVERSION = YES;
				CLANG_WARN_NON_LITERAL_NULL_CONVERSION = YES;
				CLANG_WARN_OBJC_IMPLICIT_RETAIN_SELF = YES;
				CLANG_WARN_OBJC_LITERAL_CONVERSION = YES;
				CLANG_WARN_OBJC_ROOT_CLASS = YES_ERROR;
				CLANG_WARN_QUOTED_INCLUDE_IN_FRAMEWORK_HEADER = YES;
				CLANG_WARN_RANGE_LOOP_ANALYSIS = YES;
				CLANG_WARN_STRICT_PROTOTYPES = YES;
				CLANG_WARN_SUSPICIOUS_MOVE = YES;
				CLANG_WARN_UNGUARDED_AVAILABILITY = YES_AGGRESSIVE;
				CLANG_WARN_UNREACHABLE_CODE = YES;
				CLANG_WARN__DUPLICATE_METHOD_MATCH = YES;
				COPY_PHASE_STRIP = NO;
				DEBUG_INFORMATION_FORMAT = "dwarf-with-dsym";
				ENABLE_NS_ASSERTIONS = NO;
				ENABLE_STRICT_OBJC_MSGSEND = YES;
				GCC_C_LANGUAGE_STANDARD = gnu11;
				GCC_NO_COMMON_BLOCKS = YES;
				GCC_WARN_64_TO_32_BIT_CONVERSION = YES;
				GCC_WARN_ABOUT_RETURN_TYPE = YES_ERROR;
				GCC_WARN_UNDECLARED_SELECTOR = YES;
				GCC_WARN_UNINITIALIZED_AUTOS = YES_AGGRESSIVE;
				GCC_WARN_UNUSED_FUNCTION = YES;
				GCC_WARN_UNUSED_VARIABLE = YES;
				IPHONEOS_DEPLOYMENT_TARGET = 14.5;
				MTL_ENABLE_DEBUG_INFO = NO;
				MTL_FAST_MATH = YES;
				SDKROOT = iphoneos;
				SWIFT_COMPILATION_MODE = wholemodule;
				SWIFT_OPTIMIZATION_LEVEL = "-O";
				VALIDATE_PRODUCT = YES;
			};
			name = Release;
		};
		C14781472652C6230003E18D /* Debug */ = {
			isa = XCBuildConfiguration;
			baseConfigurationReference = 2ED55E2BD5D336D93ABC0430 /* Pods-iot-app.debug.xcconfig */;
			buildSettings = {
				ASSETCATALOG_COMPILER_APPICON_NAME = AppIcon;
				ASSETCATALOG_COMPILER_GLOBAL_ACCENT_COLOR_NAME = AccentColor;
				CODE_SIGN_STYLE = Automatic;
				DEAD_CODE_STRIPPING = YES;
				DEVELOPMENT_TEAM = 37L8368F83;
				INFOPLIST_FILE = "iot-app/Info.plist";
				LD_RUNPATH_SEARCH_PATHS = (
					"$(inherited)",
					"@executable_path/Frameworks",
				);
				PRODUCT_BUNDLE_IDENTIFIER = "com.iot-app";
				PRODUCT_NAME = "$(TARGET_NAME)";
				SWIFT_VERSION = 5.0;
				TARGETED_DEVICE_FAMILY = "1,2";
			};
			name = Debug;
		};
		C14781482652C6230003E18D /* Release */ = {
			isa = XCBuildConfiguration;
			baseConfigurationReference = 2A04224097416CE66DA1CAE8 /* Pods-iot-app.release.xcconfig */;
			buildSettings = {
				ASSETCATALOG_COMPILER_APPICON_NAME = AppIcon;
				ASSETCATALOG_COMPILER_GLOBAL_ACCENT_COLOR_NAME = AccentColor;
				CODE_SIGN_STYLE = Automatic;
				DEAD_CODE_STRIPPING = YES;
				DEVELOPMENT_TEAM = 37L8368F83;
				INFOPLIST_FILE = "iot-app/Info.plist";
				LD_RUNPATH_SEARCH_PATHS = (
					"$(inherited)",
					"@executable_path/Frameworks",
				);
				PRODUCT_BUNDLE_IDENTIFIER = "com.iot-app";
				PRODUCT_NAME = "$(TARGET_NAME)";
				SWIFT_VERSION = 5.0;
				TARGETED_DEVICE_FAMILY = "1,2";
			};
			name = Release;
		};
/* End XCBuildConfiguration section */

/* Begin XCConfigurationList section */
		C147812D2652C6200003E18D /* Build configuration list for PBXProject "iot-app" */ = {
			isa = XCConfigurationList;
			buildConfigurations = (
				C14781442652C6230003E18D /* Debug */,
				C14781452652C6230003E18D /* Release */,
			);
			defaultConfigurationIsVisible = 0;
			defaultConfigurationName = Release;
		};
		C14781462652C6230003E18D /* Build configuration list for PBXNativeTarget "iot-app" */ = {
			isa = XCConfigurationList;
			buildConfigurations = (
				C14781472652C6230003E18D /* Debug */,
				C14781482652C6230003E18D /* Release */,
			);
			defaultConfigurationIsVisible = 0;
			defaultConfigurationName = Release;
		};
/* End XCConfigurationList section */
	};
	rootObject = C147812A2652C6200003E18D /* Project object */;
}
